// !$*UTF8*$!
{
	archiveVersion = 1;
	classes = {
	};
	objectVersion = 56;
	objects = {

/* Begin PBXBuildFile section */
		5F53AECD2A5CD9E500E93B9D /* AppDelegate.swift in Sources */ = {isa = PBXBuildFile; fileRef = 5F53AECC2A5CD9E500E93B9D /* AppDelegate.swift */; };
		5F53AECF2A5CD9E500E93B9D /* SceneDelegate.swift in Sources */ = {isa = PBXBuildFile; fileRef = 5F53AECE2A5CD9E500E93B9D /* SceneDelegate.swift */; };
		5F53AED12A5CD9E500E93B9D /* ViewController.swift in Sources */ = {isa = PBXBuildFile; fileRef = 5F53AED02A5CD9E500E93B9D /* ViewController.swift */; };
		5F53AED42A5CD9E500E93B9D /* Main.storyboard in Resources */ = {isa = PBXBuildFile; fileRef = 5F53AED22A5CD9E500E93B9D /* Main.storyboard */; };
		5F53AED72A5CD9E500E93B9D /* I_am_Rich.xcdatamodeld in Sources */ = {isa = PBXBuildFile; fileRef = 5F53AED52A5CD9E500E93B9D /* I_am_Rich.xcdatamodeld */; };
		5F53AED92A5CD9E600E93B9D /* Assets.xcassets in Resources */ = {isa = PBXBuildFile; fileRef = 5F53AED82A5CD9E600E93B9D /* Assets.xcassets */; };
		5F53AEDC2A5CD9E600E93B9D /* LaunchScreen.storyboard in Resources */ = {isa = PBXBuildFile; fileRef = 5F53AEDA2A5CD9E600E93B9D /* LaunchScreen.storyboard */; };
		5F53AEE72A5CD9E600E93B9D /* I_am_RichTests.swift in Sources */ = {isa = PBXBuildFile; fileRef = 5F53AEE62A5CD9E600E93B9D /* I_am_RichTests.swift */; };
		5F53AEF12A5CD9E600E93B9D /* I_am_RichUITests.swift in Sources */ = {isa = PBXBuildFile; fileRef = 5F53AEF02A5CD9E600E93B9D /* I_am_RichUITests.swift */; };
		5F53AEF32A5CD9E600E93B9D /* I_am_RichUITestsLaunchTests.swift in Sources */ = {isa = PBXBuildFile; fileRef = 5F53AEF22A5CD9E600E93B9D /* I_am_RichUITestsLaunchTests.swift */; };
/* End PBXBuildFile section */

/* Begin PBXContainerItemProxy section */
		5F53AEE32A5CD9E600E93B9D /* PBXContainerItemProxy */ = {
			isa = PBXContainerItemProxy;
			containerPortal = 5F53AEC12A5CD9E500E93B9D /* Project object */;
			proxyType = 1;
			remoteGlobalIDString = 5F53AEC82A5CD9E500E93B9D;
			remoteInfo = "I am Rich";
		};
		5F53AEED2A5CD9E600E93B9D /* PBXContainerItemProxy */ = {
			isa = PBXContainerItemProxy;
			containerPortal = 5F53AEC12A5CD9E500E93B9D /* Project object */;
			proxyType = 1;
			remoteGlobalIDString = 5F53AEC82A5CD9E500E93B9D;
			remoteInfo = "I am Rich";
		};
/* End PBXContainerItemProxy section */

/* Begin PBXFileReference section */
		5F53AEC92A5CD9E500E93B9D /* I am Rich.app */ = {isa = PBXFileReference; explicitFileType = wrapper.application; includeInIndex = 0; path = "I am Rich.app"; sourceTree = BUILT_PRODUCTS_DIR; };
		5F53AECC2A5CD9E500E93B9D /* AppDelegate.swift */ = {isa = PBXFileReference; lastKnownFileType = sourcecode.swift; path = AppDelegate.swift; sourceTree = "<group>"; };
		5F53AECE2A5CD9E500E93B9D /* SceneDelegate.swift */ = {isa = PBXFileReference; lastKnownFileType = sourcecode.swift; path = SceneDelegate.swift; sourceTree = "<group>"; };
		5F53AED02A5CD9E500E93B9D /* ViewController.swift */ = {isa = PBXFileReference; lastKnownFileType = sourcecode.swift; path = ViewController.swift; sourceTree = "<group>"; };
		5F53AED32A5CD9E500E93B9D /* Base */ = {isa = PBXFileReference; lastKnownFileType = file.storyboard; name = Base; path = Base.lproj/Main.storyboard; sourceTree = "<group>"; };
		5F53AED62A5CD9E500E93B9D /* I_am_Rich.xcdatamodel */ = {isa = PBXFileReference; lastKnownFileType = wrapper.xcdatamodel; path = I_am_Rich.xcdatamodel; sourceTree = "<group>"; };
		5F53AED82A5CD9E600E93B9D /* Assets.xcassets */ = {isa = PBXFileReference; lastKnownFileType = folder.assetcatalog; path = Assets.xcassets; sourceTree = "<group>"; };
		5F53AEDB2A5CD9E600E93B9D /* Base */ = {isa = PBXFileReference; lastKnownFileType = file.storyboard; name = Base; path = Base.lproj/LaunchScreen.storyboard; sourceTree = "<group>"; };
		5F53AEDD2A5CD9E600E93B9D /* Info.plist */ = {isa = PBXFileReference; lastKnownFileType = text.plist.xml; path = Info.plist; sourceTree = "<group>"; };
		5F53AEE22A5CD9E600E93B9D /* I am RichTests.xctest */ = {isa = PBXFileReference; explicitFileType = wrapper.cfbundle; includeInIndex = 0; path = "I am RichTests.xctest"; sourceTree = BUILT_PRODUCTS_DIR; };
		5F53AEE62A5CD9E600E93B9D /* I_am_RichTests.swift */ = {isa = PBXFileReference; lastKnownFileType = sourcecode.swift; path = I_am_RichTests.swift; sourceTree = "<group>"; };
		5F53AEEC2A5CD9E600E93B9D /* I am RichUITests.xctest */ = {isa = PBXFileReference; explicitFileType = wrapper.cfbundle; includeInIndex = 0; path = "I am RichUITests.xctest"; sourceTree = BUILT_PRODUCTS_DIR; };
		5F53AEF02A5CD9E600E93B9D /* I_am_RichUITests.swift */ = {isa = PBXFileReference; lastKnownFileType = sourcecode.swift; path = I_am_RichUITests.swift; sourceTree = "<group>"; };
		5F53AEF22A5CD9E600E93B9D /* I_am_RichUITestsLaunchTests.swift */ = {isa = PBXFileReference; lastKnownFileType = sourcecode.swift; path = I_am_RichUITestsLaunchTests.swift; sourceTree = "<group>"; };
/* End PBXFileReference section */

/* Begin PBXFrameworksBuildPhase section */
		5F53AEC62A5CD9E500E93B9D /* Frameworks */ = {
			isa = PBXFrameworksBuildPhase;
			buildActionMask = 2147483647;
			files = (
			);
			runOnlyForDeploymentPostprocessing = 0;
		};
		5F53AEDF2A5CD9E600E93B9D /* Frameworks */ = {
			isa = PBXFrameworksBuildPhase;
			buildActionMask = 2147483647;
			files = (
			);
			runOnlyForDeploymentPostprocessing = 0;
		};
		5F53AEE92A5CD9E600E93B9D /* Frameworks */ = {
			isa = PBXFrameworksBuildPhase;
			buildActionMask = 2147483647;
			files = (
			);
			runOnlyForDeploymentPostprocessing = 0;
		};
/* End PBXFrameworksBuildPhase section */

/* Begin PBXGroup section */
		5F53AEC02A5CD9E500E93B9D = {
			isa = PBXGroup;
			children = (
				5F53AECB2A5CD9E500E93B9D /* I am Rich */,
				5F53AEE52A5CD9E600E93B9D /* I am RichTests */,
				5F53AEEF2A5CD9E600E93B9D /* I am RichUITests */,
				5F53AECA2A5CD9E500E93B9D /* Products */,
			);
			sourceTree = "<group>";
		};
		5F53AECA2A5CD9E500E93B9D /* Products */ = {
			isa = PBXGroup;
			children = (
				5F53AEC92A5CD9E500E93B9D /* I am Rich.app */,
				5F53AEE22A5CD9E600E93B9D /* I am RichTests.xctest */,
				5F53AEEC2A5CD9E600E93B9D /* I am RichUITests.xctest */,
			);
			name = Products;
			sourceTree = "<group>";
		};
		5F53AECB2A5CD9E500E93B9D /* I am Rich */ = {
			isa = PBXGroup;
			children = (
				5F53AECC2A5CD9E500E93B9D /* AppDelegate.swift */,
				5F53AECE2A5CD9E500E93B9D /* SceneDelegate.swift */,
				5F53AED02A5CD9E500E93B9D /* ViewController.swift */,
				5F53AED22A5CD9E500E93B9D /* Main.storyboard */,
				5F53AED82A5CD9E600E93B9D /* Assets.xcassets */,
				5F53AEDA2A5CD9E600E93B9D /* LaunchScreen.storyboard */,
				5F53AEDD2A5CD9E600E93B9D /* Info.plist */,
				5F53AED52A5CD9E500E93B9D /* I_am_Rich.xcdatamodeld */,
			);
			path = "I am Rich";
			sourceTree = "<group>";
		};
		5F53AEE52A5CD9E600E93B9D /* I am RichTests */ = {
			isa = PBXGroup;
			children = (
				5F53AEE62A5CD9E600E93B9D /* I_am_RichTests.swift */,
			);
			path = "I am RichTests";
			sourceTree = "<group>";
		};
		5F53AEEF2A5CD9E600E93B9D /* I am RichUITests */ = {
			isa = PBXGroup;
			children = (
				5F53AEF02A5CD9E600E93B9D /* I_am_RichUITests.swift */,
				5F53AEF22A5CD9E600E93B9D /* I_am_RichUITestsLaunchTests.swift */,
			);
			path = "I am RichUITests";
			sourceTree = "<group>";
		};
/* End PBXGroup section */

/* Begin PBXNativeTarget section */
		5F53AEC82A5CD9E500E93B9D /* I am Rich */ = {
			isa = PBXNativeTarget;
			buildConfigurationList = 5F53AEF62A5CD9E600E93B9D /* Build configuration list for PBXNativeTarget "I am Rich" */;
			buildPhases = (
				5F53AEC52A5CD9E500E93B9D /* Sources */,
				5F53AEC62A5CD9E500E93B9D /* Frameworks */,
				5F53AEC72A5CD9E500E93B9D /* Resources */,
			);
			buildRules = (
			);
			dependencies = (
			);
			name = "I am Rich";
			productName = "I am Rich";
			productReference = 5F53AEC92A5CD9E500E93B9D /* I am Rich.app */;
			productType = "com.apple.product-type.application";
		};
		5F53AEE12A5CD9E600E93B9D /* I am RichTests */ = {
			isa = PBXNativeTarget;
			buildConfigurationList = 5F53AEF92A5CD9E600E93B9D /* Build configuration list for PBXNativeTarget "I am RichTests" */;
			buildPhases = (
				5F53AEDE2A5CD9E600E93B9D /* Sources */,
				5F53AEDF2A5CD9E600E93B9D /* Frameworks */,
				5F53AEE02A5CD9E600E93B9D /* Resources */,
			);
			buildRules = (
			);
			dependencies = (
				5F53AEE42A5CD9E600E93B9D /* PBXTargetDependency */,
			);
			name = "I am RichTests";
			productName = "I am RichTests";
			productReference = 5F53AEE22A5CD9E600E93B9D /* I am RichTests.xctest */;
			productType = "com.apple.product-type.bundle.unit-test";
		};
		5F53AEEB2A5CD9E600E93B9D /* I am RichUITests */ = {
			isa = PBXNativeTarget;
			buildConfigurationList = 5F53AEFC2A5CD9E600E93B9D /* Build configuration list for PBXNativeTarget "I am RichUITests" */;
			buildPhases = (
				5F53AEE82A5CD9E600E93B9D /* Sources */,
				5F53AEE92A5CD9E600E93B9D /* Frameworks */,
				5F53AEEA2A5CD9E600E93B9D /* Resources */,
			);
			buildRules = (
			);
			dependencies = (
				5F53AEEE2A5CD9E600E93B9D /* PBXTargetDependency */,
			);
			name = "I am RichUITests";
			productName = "I am RichUITests";
			productReference = 5F53AEEC2A5CD9E600E93B9D /* I am RichUITests.xctest */;
			productType = "com.apple.product-type.bundle.ui-testing";
		};
/* End PBXNativeTarget section */

/* Begin PBXProject section */
		5F53AEC12A5CD9E500E93B9D /* Project object */ = {
			isa = PBXProject;
			attributes = {
				BuildIndependentTargetsInParallel = 1;
				LastSwiftUpdateCheck = 1430;
				LastUpgradeCheck = 1430;
				TargetAttributes = {
					5F53AEC82A5CD9E500E93B9D = {
						CreatedOnToolsVersion = 14.3.1;
					};
					5F53AEE12A5CD9E600E93B9D = {
						CreatedOnToolsVersion = 14.3.1;
						TestTargetID = 5F53AEC82A5CD9E500E93B9D;
					};
					5F53AEEB2A5CD9E600E93B9D = {
						CreatedOnToolsVersion = 14.3.1;
						TestTargetID = 5F53AEC82A5CD9E500E93B9D;
					};
				};
			};
			buildConfigurationList = 5F53AEC42A5CD9E500E93B9D /* Build configuration list for PBXProject "I am Rich" */;
			compatibilityVersion = "Xcode 14.0";
			developmentRegion = en;
			hasScannedForEncodings = 0;
			knownRegions = (
				en,
				Base,
			);
			mainGroup = 5F53AEC02A5CD9E500E93B9D;
			productRefGroup = 5F53AECA2A5CD9E500E93B9D /* Products */;
			projectDirPath = "";
			projectRoot = "";
			targets = (
				5F53AEC82A5CD9E500E93B9D /* I am Rich */,
				5F53AEE12A5CD9E600E93B9D /* I am RichTests */,
				5F53AEEB2A5CD9E600E93B9D /* I am RichUITests */,
			);
		};
/* End PBXProject section */

/* Begin PBXResourcesBuildPhase section */
		5F53AEC72A5CD9E500E93B9D /* Resources */ = {
			isa = PBXResourcesBuildPhase;
			buildActionMask = 2147483647;
			files = (
				5F53AEDC2A5CD9E600E93B9D /* LaunchScreen.storyboard in Resources */,
				5F53AED92A5CD9E600E93B9D /* Assets.xcassets in Resources */,
				5F53AED42A5CD9E500E93B9D /* Main.storyboard in Resources */,
			);
			runOnlyForDeploymentPostprocessing = 0;
		};
		5F53AEE02A5CD9E600E93B9D /* Resources */ = {
			isa = PBXResourcesBuildPhase;
			buildActionMask = 2147483647;
			files = (
			);
			runOnlyForDeploymentPostprocessing = 0;
		};
		5F53AEEA2A5CD9E600E93B9D /* Resources */ = {
			isa = PBXResourcesBuildPhase;
			buildActionMask = 2147483647;
			files = (
			);
			runOnlyForDeploymentPostprocessing = 0;
		};
/* End PBXResourcesBuildPhase section */

/* Begin PBXSourcesBuildPhase section */
		5F53AEC52A5CD9E500E93B9D /* Sources */ = {
			isa = PBXSourcesBuildPhase;
			buildActionMask = 2147483647;
			files = (
				5F53AED12A5CD9E500E93B9D /* ViewController.swift in Sources */,
				5F53AED72A5CD9E500E93B9D /* I_am_Rich.xcdatamodeld in Sources */,
				5F53AECD2A5CD9E500E93B9D /* AppDelegate.swift in Sources */,
				5F53AECF2A5CD9E500E93B9D /* SceneDelegate.swift in Sources */,
			);
			runOnlyForDeploymentPostprocessing = 0;
		};
		5F53AEDE2A5CD9E600E93B9D /* Sources */ = {
			isa = PBXSourcesBuildPhase;
			buildActionMask = 2147483647;
			files = (
				5F53AEE72A5CD9E600E93B9D /* I_am_RichTests.swift in Sources */,
			);
			runOnlyForDeploymentPostprocessing = 0;
		};
		5F53AEE82A5CD9E600E93B9D /* Sources */ = {
			isa = PBXSourcesBuildPhase;
			buildActionMask = 2147483647;
			files = (
				5F53AEF32A5CD9E600E93B9D /* I_am_RichUITestsLaunchTests.swift in Sources */,
				5F53AEF12A5CD9E600E93B9D /* I_am_RichUITests.swift in Sources */,
			);
			runOnlyForDeploymentPostprocessing = 0;
		};
/* End PBXSourcesBuildPhase section */

/* Begin PBXTargetDependency section */
		5F53AEE42A5CD9E600E93B9D /* PBXTargetDependency */ = {
			isa = PBXTargetDependency;
			target = 5F53AEC82A5CD9E500E93B9D /* I am Rich */;
			targetProxy = 5F53AEE32A5CD9E600E93B9D /* PBXContainerItemProxy */;
		};
		5F53AEEE2A5CD9E600E93B9D /* PBXTargetDependency */ = {
			isa = PBXTargetDependency;
			target = 5F53AEC82A5CD9E500E93B9D /* I am Rich */;
			targetProxy = 5F53AEED2A5CD9E600E93B9D /* PBXContainerItemProxy */;
		};
/* End PBXTargetDependency section */

/* Begin PBXVariantGroup section */
		5F53AED22A5CD9E500E93B9D /* Main.storyboard */ = {
			isa = PBXVariantGroup;
			children = (
				5F53AED32A5CD9E500E93B9D /* Base */,
			);
			name = Main.storyboard;
			sourceTree = "<group>";
		};
		5F53AEDA2A5CD9E600E93B9D /* LaunchScreen.storyboard */ = {
			isa = PBXVariantGroup;
			children = (
				5F53AEDB2A5CD9E600E93B9D /* Base */,
			);
			name = LaunchScreen.storyboard;
			sourceTree = "<group>";
		};
/* End PBXVariantGroup section */

/* Begin XCBuildConfiguration section */
		5F53AEF42A5CD9E600E93B9D /* Debug */ = {
			isa = XCBuildConfiguration;
			buildSettings = {
				ALWAYS_SEARCH_USER_PATHS = NO;
				CLANG_ANALYZER_NONNULL = YES;
				CLANG_ANALYZER_NUMBER_OBJECT_CONVERSION = YES_AGGRESSIVE;
				CLANG_CXX_LANGUAGE_STANDARD = "gnu++20";
				CLANG_ENABLE_MODULES = YES;
				CLANG_ENABLE_OBJC_ARC = YES;
				CLANG_ENABLE_OBJC_WEAK = YES;
				CLANG_WARN_BLOCK_CAPTURE_AUTORELEASING = YES;
				CLANG_WARN_BOOL_CONVERSION = YES;
				CLANG_WARN_COMMA = YES;
				CLANG_WARN_CONSTANT_CONVERSION = YES;
				CLANG_WARN_DEPRECATED_OBJC_IMPLEMENTATIONS = YES;
				CLANG_WARN_DIRECT_OBJC_ISA_USAGE = YES_ERROR;
				CLANG_WARN_DOCUMENTATION_COMMENTS = YES;
				CLANG_WARN_EMPTY_BODY = YES;
				CLANG_WARN_ENUM_CONVERSION = YES;
				CLANG_WARN_INFINITE_RECURSION = YES;
				CLANG_WARN_INT_CONVERSION = YES;
				CLANG_WARN_NON_LITERAL_NULL_CONVERSION = YES;
				CLANG_WARN_OBJC_IMPLICIT_RETAIN_SELF = YES;
				CLANG_WARN_OBJC_LITERAL_CONVERSION = YES;
				CLANG_WARN_OBJC_ROOT_CLASS = YES_ERROR;
				CLANG_WARN_QUOTED_INCLUDE_IN_FRAMEWORK_HEADER = YES;
				CLANG_WARN_RANGE_LOOP_ANALYSIS = YES;
				CLANG_WARN_STRICT_PROTOTYPES = YES;
				CLANG_WARN_SUSPICIOUS_MOVE = YES;
				CLANG_WARN_UNGUARDED_AVAILABILITY = YES_AGGRESSIVE;
				CLANG_WARN_UNREACHABLE_CODE = YES;
				CLANG_WARN__DUPLICATE_METHOD_MATCH = YES;
				COPY_PHASE_STRIP = NO;
				DEBUG_INFORMATION_FORMAT = dwarf;
				ENABLE_STRICT_OBJC_MSGSEND = YES;
				ENABLE_TESTABILITY = YES;
				GCC_C_LANGUAGE_STANDARD = gnu11;
				GCC_DYNAMIC_NO_PIC = NO;
				GCC_NO_COMMON_BLOCKS = YES;
				GCC_OPTIMIZATION_LEVEL = 0;
				GCC_PREPROCESSOR_DEFINITIONS = (
					"DEBUG=1",
					"$(inherited)",
				);
				GCC_WARN_64_TO_32_BIT_CONVERSION = YES;
				GCC_WARN_ABOUT_RETURN_TYPE = YES_ERROR;
				GCC_WARN_UNDECLARED_SELECTOR = YES;
				GCC_WARN_UNINITIALIZED_AUTOS = YES_AGGRESSIVE;
				GCC_WARN_UNUSED_FUNCTION = YES;
				GCC_WARN_UNUSED_VARIABLE = YES;
				IPHONEOS_DEPLOYMENT_TARGET = 16.4;
				MTL_ENABLE_DEBUG_INFO = INCLUDE_SOURCE;
				MTL_FAST_MATH = YES;
				ONLY_ACTIVE_ARCH = YES;
				SDKROOT = iphoneos;
				SWIFT_ACTIVE_COMPILATION_CONDITIONS = DEBUG;
				SWIFT_OPTIMIZATION_LEVEL = "-Onone";
			};
			name = Debug;
		};
		5F53AEF52A5CD9E600E93B9D /* Release */ = {
			isa = XCBuildConfiguration;
			buildSettings = {
				ALWAYS_SEARCH_USER_PATHS = NO;
				CLANG_ANALYZER_NONNULL = YES;
				CLANG_ANALYZER_NUMBER_OBJECT_CONVERSION = YES_AGGRESSIVE;
				CLANG_CXX_LANGUAGE_STANDARD = "gnu++20";
				CLANG_ENABLE_MODULES = YES;
				CLANG_ENABLE_OBJC_ARC = YES;
				CLANG_ENABLE_OBJC_WEAK = YES;
				CLANG_WARN_BLOCK_CAPTURE_AUTORELEASING = YES;
				CLANG_WARN_BOOL_CONVERSION = YES;
				CLANG_WARN_COMMA = YES;
				CLANG_WARN_CONSTANT_CONVERSION = YES;
				CLANG_WARN_DEPRECATED_OBJC_IMPLEMENTATIONS = YES;
				CLANG_WARN_DIRECT_OBJC_ISA_USAGE = YES_ERROR;
				CLANG_WARN_DOCUMENTATION_COMMENTS = YES;
				CLANG_WARN_EMPTY_BODY = YES;
				CLANG_WARN_ENUM_CONVERSION = YES;
				CLANG_WARN_INFINITE_RECURSION = YES;
				CLANG_WARN_INT_CONVERSION = YES;
				CLANG_WARN_NON_LITERAL_NULL_CONVERSION = YES;
				CLANG_WARN_OBJC_IMPLICIT_RETAIN_SELF = YES;
				CLANG_WARN_OBJC_LITERAL_CONVERSION = YES;
				CLANG_WARN_OBJC_ROOT_CLASS = YES_ERROR;
				CLANG_WARN_QUOTED_INCLUDE_IN_FRAMEWORK_HEADER = YES;
				CLANG_WARN_RANGE_LOOP_ANALYSIS = YES;
				CLANG_WARN_STRICT_PROTOTYPES = YES;
				CLANG_WARN_SUSPICIOUS_MOVE = YES;
				CLANG_WARN_UNGUARDED_AVAILABILITY = YES_AGGRESSIVE;
				CLANG_WARN_UNREACHABLE_CODE = YES;
				CLANG_WARN__DUPLICATE_METHOD_MATCH = YES;
				COPY_PHASE_STRIP = NO;
				DEBUG_INFORMATION_FORMAT = "dwarf-with-dsym";
				ENABLE_NS_ASSERTIONS = NO;
				ENABLE_STRICT_OBJC_MSGSEND = YES;
				GCC_C_LANGUAGE_STANDARD = gnu11;
				GCC_NO_COMMON_BLOCKS = YES;
				GCC_WARN_64_TO_32_BIT_CONVERSION = YES;
				GCC_WARN_ABOUT_RETURN_TYPE = YES_ERROR;
				GCC_WARN_UNDECLARED_SELECTOR = YES;
				GCC_WARN_UNINITIALIZED_AUTOS = YES_AGGRESSIVE;
				GCC_WARN_UNUSED_FUNCTION = YES;
				GCC_WARN_UNUSED_VARIABLE = YES;
				IPHONEOS_DEPLOYMENT_TARGET = 16.4;
				MTL_ENABLE_DEBUG_INFO = NO;
				MTL_FAST_MATH = YES;
				SDKROOT = iphoneos;
				SWIFT_COMPILATION_MODE = wholemodule;
				SWIFT_OPTIMIZATION_LEVEL = "-O";
				VALIDATE_PRODUCT = YES;
			};
			name = Release;
		};
		5F53AEF72A5CD9E600E93B9D /* Debug */ = {
			isa = XCBuildConfiguration;
			buildSettings = {
				ASSETCATALOG_COMPILER_APPICON_NAME = AppIcon;
				ASSETCATALOG_COMPILER_GLOBAL_ACCENT_COLOR_NAME = AccentColor;
				CODE_SIGN_STYLE = Automatic;
				CURRENT_PROJECT_VERSION = 1;
				GENERATE_INFOPLIST_FILE = YES;
				INFOPLIST_FILE = "I am Rich/Info.plist";
				INFOPLIST_KEY_UIApplicationSupportsIndirectInputEvents = YES;
				INFOPLIST_KEY_UILaunchStoryboardName = LaunchScreen;
				INFOPLIST_KEY_UIMainStoryboardFile = Main;
				INFOPLIST_KEY_UISupportedInterfaceOrientations_iPad = "UIInterfaceOrientationPortrait UIInterfaceOrientationPortraitUpsideDown UIInterfaceOrientationLandscapeLeft UIInterfaceOrientationLandscapeRight";
				INFOPLIST_KEY_UISupportedInterfaceOrientations_iPhone = "UIInterfaceOrientationPortrait UIInterfaceOrientationLandscapeLeft UIInterfaceOrientationLandscapeRight";
				IPHONEOS_DEPLOYMENT_TARGET = 16.4;
				LD_RUNPATH_SEARCH_PATHS = (
					"$(inherited)",
					"@executable_path/Frameworks",
				);
				MARKETING_VERSION = 1.0;
				PRODUCT_BUNDLE_IDENTIFIER = "com.prince.I-am-Rich";
				PRODUCT_NAME = "$(TARGET_NAME)";
				SWIFT_EMIT_LOC_STRINGS = YES;
				SWIFT_VERSION = 5.0;
				TARGETED_DEVICE_FAMILY = "1,2";
			};
			name = Debug;
		};
		5F53AEF82A5CD9E600E93B9D /* Release */ = {
			isa = XCBuildConfiguration;
			buildSettings = {
				ASSETCATALOG_COMPILER_APPICON_NAME = AppIcon;
				ASSETCATALOG_COMPILER_GLOBAL_ACCENT_COLOR_NAME = AccentColor;
				CODE_SIGN_STYLE = Automatic;
				CURRENT_PROJECT_VERSION = 1;
				GENERATE_INFOPLIST_FILE = YES;
				INFOPLIST_FILE = "I am Rich/Info.plist";
				INFOPLIST_KEY_UIApplicationSupportsIndirectInputEvents = YES;
				INFOPLIST_KEY_UILaunchStoryboardName = LaunchScreen;
				INFOPLIST_KEY_UIMainStoryboardFile = Main;
				INFOPLIST_KEY_UISupportedInterfaceOrientations_iPad = "UIInterfaceOrientationPortrait UIInterfaceOrientationPortraitUpsideDown UIInterfaceOrientationLandscapeLeft UIInterfaceOrientationLandscapeRight";
				INFOPLIST_KEY_UISupportedInterfaceOrientations_iPhone = "UIInterfaceOrientationPortrait UIInterfaceOrientationLandscapeLeft UIInterfaceOrientationLandscapeRight";
				IPHONEOS_DEPLOYMENT_TARGET = 16.4;
				LD_RUNPATH_SEARCH_PATHS = (
					"$(inherited)",
					"@executable_path/Frameworks",
				);
				MARKETING_VERSION = 1.0;
				PRODUCT_BUNDLE_IDENTIFIER = "com.prince.I-am-Rich";
				PRODUCT_NAME = "$(TARGET_NAME)";
				SWIFT_EMIT_LOC_STRINGS = YES;
				SWIFT_VERSION = 5.0;
				TARGETED_DEVICE_FAMILY = "1,2";
			};
			name = Release;
		};
		5F53AEFA2A5CD9E600E93B9D /* Debug */ = {
			isa = XCBuildConfiguration;
			buildSettings = {
				ALWAYS_EMBED_SWIFT_STANDARD_LIBRARIES = YES;
				BUNDLE_LOADER = "$(TEST_HOST)";
				CODE_SIGN_STYLE = Automatic;
				CURRENT_PROJECT_VERSION = 1;
				GENERATE_INFOPLIST_FILE = YES;
				IPHONEOS_DEPLOYMENT_TARGET = 16.4;
				MARKETING_VERSION = 1.0;
				PRODUCT_BUNDLE_IDENTIFIER = "com.prince.I-am-RichTests";
				PRODUCT_NAME = "$(TARGET_NAME)";
				SWIFT_EMIT_LOC_STRINGS = NO;
				SWIFT_VERSION = 5.0;
				TARGETED_DEVICE_FAMILY = "1,2";
				TEST_HOST = "$(BUILT_PRODUCTS_DIR)/I am Rich.app/$(BUNDLE_EXECUTABLE_FOLDER_PATH)/I am Rich";
			};
			name = Debug;
		};
		5F53AEFB2A5CD9E600E93B9D /* Release */ = {
			isa = XCBuildConfiguration;
			buildSettings = {
				ALWAYS_EMBED_SWIFT_STANDARD_LIBRARIES = YES;
				BUNDLE_LOADER = "$(TEST_HOST)";
				CODE_SIGN_STYLE = Automatic;
				CURRENT_PROJECT_VERSION = 1;
				GENERATE_INFOPLIST_FILE = YES;
				IPHONEOS_DEPLOYMENT_TARGET = 16.4;
				MARKETING_VERSION = 1.0;
				PRODUCT_BUNDLE_IDENTIFIER = "com.prince.I-am-RichTests";
				PRODUCT_NAME = "$(TARGET_NAME)";
				SWIFT_EMIT_LOC_STRINGS = NO;
				SWIFT_VERSION = 5.0;
				TARGETED_DEVICE_FAMILY = "1,2";
				TEST_HOST = "$(BUILT_PRODUCTS_DIR)/I am Rich.app/$(BUNDLE_EXECUTABLE_FOLDER_PATH)/I am Rich";
			};
			name = Release;
		};
		5F53AEFD2A5CD9E600E93B9D /* Debug */ = {
			isa = XCBuildConfiguration;
			buildSettings = {
				ALWAYS_EMBED_SWIFT_STANDARD_LIBRARIES = YES;
				CODE_SIGN_STYLE = Automatic;
				CURRENT_PROJECT_VERSION = 1;
				GENERATE_INFOPLIST_FILE = YES;
				MARKETING_VERSION = 1.0;
				PRODUCT_BUNDLE_IDENTIFIER = "com.prince.I-am-RichUITests";
				PRODUCT_NAME = "$(TARGET_NAME)";
				SWIFT_EMIT_LOC_STRINGS = NO;
				SWIFT_VERSION = 5.0;
				TARGETED_DEVICE_FAMILY = "1,2";
				TEST_TARGET_NAME = "I am Rich";
			};
			name = Debug;
		};
		5F53AEFE2A5CD9E600E93B9D /* Release */ = {
			isa = XCBuildConfiguration;
			buildSettings = {
				ALWAYS_EMBED_SWIFT_STANDARD_LIBRARIES = YES;
				CODE_SIGN_STYLE = Automatic;
				CURRENT_PROJECT_VERSION = 1;
				GENERATE_INFOPLIST_FILE = YES;
				MARKETING_VERSION = 1.0;
				PRODUCT_BUNDLE_IDENTIFIER = "com.prince.I-am-RichUITests";
				PRODUCT_NAME = "$(TARGET_NAME)";
				SWIFT_EMIT_LOC_STRINGS = NO;
				SWIFT_VERSION = 5.0;
				TARGETED_DEVICE_FAMILY = "1,2";
				TEST_TARGET_NAME = "I am Rich";
			};
			name = Release;
		};
/* End XCBuildConfiguration section */

/* Begin XCConfigurationList section */
		5F53AEC42A5CD9E500E93B9D /* Build configuration list for PBXProject "I am Rich" */ = {
			isa = XCConfigurationList;
			buildConfigurations = (
				5F53AEF42A5CD9E600E93B9D /* Debug */,
				5F53AEF52A5CD9E600E93B9D /* Release */,
			);
			defaultConfigurationIsVisible = 0;
			defaultConfigurationName = Release;
		};
		5F53AEF62A5CD9E600E93B9D /* Build configuration list for PBXNativeTarget "I am Rich" */ = {
			isa = XCConfigurationList;
			buildConfigurations = (
				5F53AEF72A5CD9E600E93B9D /* Debug */,
				5F53AEF82A5CD9E600E93B9D /* Release */,
			);
			defaultConfigurationIsVisible = 0;
			defaultConfigurationName = Release;
		};
		5F53AEF92A5CD9E600E93B9D /* Build configuration list for PBXNativeTarget "I am RichTests" */ = {
			isa = XCConfigurationList;
			buildConfigurations = (
				5F53AEFA2A5CD9E600E93B9D /* Debug */,
				5F53AEFB2A5CD9E600E93B9D /* Release */,
			);
			defaultConfigurationIsVisible = 0;
			defaultConfigurationName = Release;
		};
		5F53AEFC2A5CD9E600E93B9D /* Build configuration list for PBXNativeTarget "I am RichUITests" */ = {
			isa = XCConfigurationList;
			buildConfigurations = (
				5F53AEFD2A5CD9E600E93B9D /* Debug */,
				5F53AEFE2A5CD9E600E93B9D /* Release */,
			);
			defaultConfigurationIsVisible = 0;
			defaultConfigurationName = Release;
		};
/* End XCConfigurationList section */

/* Begin XCVersionGroup section */
		5F53AED52A5CD9E500E93B9D /* I_am_Rich.xcdatamodeld */ = {
			isa = XCVersionGroup;
			children = (
				5F53AED62A5CD9E500E93B9D /* I_am_Rich.xcdatamodel */,
			);
			currentVersion = 5F53AED62A5CD9E500E93B9D /* I_am_Rich.xcdatamodel */;
			path = I_am_Rich.xcdatamodeld;
			sourceTree = "<group>";
			versionGroupType = wrapper.xcdatamodel;
		};
/* End XCVersionGroup section */
	};
	rootObject = 5F53AEC12A5CD9E500E93B9D /* Project object */;
}
